{
  "name": "moneyts",
  "version": "1.0.0",
  "lockfileVersion": 1,
  "requires": true,
  "dependencies": {
    "@types/mathjs": {
      "version": "5.0.1",
      "resolved": "https://code.bestbuy.com/artifactory/api/npm/npm-virtual/@types/mathjs/-/mathjs-5.0.1.tgz",
      "integrity": "sha1-uY4WPqOWtPJ77CDuJf+4/p5lavg=",
      "requires": {
        "decimal.js": "^10.0.0"
      }
    },
    "@types/node": {
      "version": "12.0.0",
      "resolved": "https://code.bestbuy.com/artifactory/api/npm/npm-virtual/@types/node/-/node-12.0.0.tgz",
      "integrity": "sha1-0RgTucD/iqyinwTLwSgX9MfWVuU="
    },
    "complex.js": {
      "version": "2.0.11",
      "resolved": "https://code.bestbuy.com/artifactory/api/npm/npm-virtual/complex.js/-/complex.js-2.0.11.tgz",
      "integrity": "sha1-Cahz+/Ff/YwYycIgHM70JcMri/E="
    },
    "decimal.js": {
      "version": "10.1.1",
      "resolved": "https://code.bestbuy.com/artifactory/api/npm/npm-virtual/decimal.js/-/decimal.js-10.1.1.tgz",
      "integrity": "sha1-+1QZIqLo/GGPXm+7R04oHtPSpkw="
    },
    "escape-latex": {
      "version": "1.2.0",
      "resolved": "https://code.bestbuy.com/artifactory/api/npm/npm-virtual/escape-latex/-/escape-latex-1.2.0.tgz",
      "integrity": "sha1-B8A4GM99rCUMzlF/T9obAB7yvKE="
    },
    "fraction.js": {
      "version": "4.0.12",
      "resolved": "https://code.bestbuy.com/artifactory/api/npm/npm-virtual/fraction.js/-/fraction.js-4.0.12.tgz",
      "integrity": "sha1-BSbUfGWl+0hU33i8d/e+xwjXuMM="
    },
    "javascript-natural-sort": {
      "version": "0.7.1",
      "resolved": "https://code.bestbuy.com/artifactory/api/npm/npm-virtual/javascript-natural-sort/-/javascript-natural-sort-0.7.1.tgz",
      "integrity": "sha1-+eIwPUUH9tdDVac2ZNFED7Wg71k="
    },
    "mathjs": {
      "version": "5.9.0",
      "resolved": "https://code.bestbuy.com/artifactory/api/npm/npm-virtual/mathjs/-/mathjs-5.9.0.tgz",
      "integrity": "sha1-6Sb+scZ8LK4QNRLdNd3CVzEG4eU=",
      "requires": {
        "complex.js": "2.0.11",
        "decimal.js": "10.1.1",
        "escape-latex": "1.2.0",
        "fraction.js": "4.0.12",
        "javascript-natural-sort": "0.7.1",
        "seed-random": "2.2.0",
        "tiny-emitter": "2.1.0",
        "typed-function": "1.1.0"
      }
    },
    "seed-random": {
      "version": "2.2.0",
      "resolved": "https://code.bestbuy.com/artifactory/api/npm/npm-virtual/seed-random/-/seed-random-2.2.0.tgz",
      "integrity": "sha1-KpsZ4lCoFwmSMaW5mk2vgLf77VQ="
    },
    "tiny-emitter": {
      "version": "2.1.0",
      "resolved": "https://code.bestbuy.com/artifactory/api/npm/npm-virtual/tiny-emitter/-/tiny-emitter-2.1.0.tgz",
      "integrity": "sha1-HRpW7fxRxD6GPLtTgqcjMONVVCM="
    },
    "typed-function": {
      "version": "1.1.0",
      "resolved": "https://code.bestbuy.com/artifactory/api/npm/npm-virtual/typed-function/-/typed-function-1.1.0.tgz",
      "integrity": "sha1-6hSXBuD7QqyheRwFOm2UzNbE/cs="
    }
  }
}
